// !$*UTF8*$!
{
	archiveVersion = 1;
	classes = {
	};
	objectVersion = 55;
	objects = {

/* Begin PBXBuildFile section */
		3A5CEE19270A4CFD005AA8CA /* LogInViewController.swift in Sources */ = {isa = PBXBuildFile; fileRef = 3A5CEE18270A4CFD005AA8CA /* LogInViewController.swift */; };
		3A5CEE1B270A4D20005AA8CA /* SignUpViewController.swift in Sources */ = {isa = PBXBuildFile; fileRef = 3A5CEE1A270A4D20005AA8CA /* SignUpViewController.swift */; };
		3A5CEE23270A5790005AA8CA /* Helper.swift in Sources */ = {isa = PBXBuildFile; fileRef = 3A5CEE22270A5790005AA8CA /* Helper.swift */; };
		3AD5DB0A2706612100812705 /* AppDelegate.swift in Sources */ = {isa = PBXBuildFile; fileRef = 3AD5DB092706612100812705 /* AppDelegate.swift */; };
		3AD5DB0C2706612100812705 /* SceneDelegate.swift in Sources */ = {isa = PBXBuildFile; fileRef = 3AD5DB0B2706612100812705 /* SceneDelegate.swift */; };
		3AD5DB0E2706612100812705 /* StartViewController.swift in Sources */ = {isa = PBXBuildFile; fileRef = 3AD5DB0D2706612100812705 /* StartViewController.swift */; };
		3AD5DB112706612100812705 /* Main.storyboard in Resources */ = {isa = PBXBuildFile; fileRef = 3AD5DB0F2706612100812705 /* Main.storyboard */; };
		3AD5DB132706612300812705 /* Assets.xcassets in Resources */ = {isa = PBXBuildFile; fileRef = 3AD5DB122706612300812705 /* Assets.xcassets */; };
		3AD5DB162706612300812705 /* LaunchScreen.storyboard in Resources */ = {isa = PBXBuildFile; fileRef = 3AD5DB142706612300812705 /* LaunchScreen.storyboard */; };
		3AD5DB212706612400812705 /* SustainableScottyTests.swift in Sources */ = {isa = PBXBuildFile; fileRef = 3AD5DB202706612400812705 /* SustainableScottyTests.swift */; };
		3AD5DB2B2706612400812705 /* SustainableScottyUITests.swift in Sources */ = {isa = PBXBuildFile; fileRef = 3AD5DB2A2706612400812705 /* SustainableScottyUITests.swift */; };
		3AD5DB2D2706612400812705 /* SustainableScottyUITestsLaunchTests.swift in Sources */ = {isa = PBXBuildFile; fileRef = 3AD5DB2C2706612400812705 /* SustainableScottyUITestsLaunchTests.swift */; };
		3AF2902D27066C5F002AAC02 /* HomeViewController.swift in Sources */ = {isa = PBXBuildFile; fileRef = 3AF2902C27066C5F002AAC02 /* HomeViewController.swift */; };
		3AF2902F27066C6D002AAC02 /* ActionsViewController.swift in Sources */ = {isa = PBXBuildFile; fileRef = 3AF2902E27066C6D002AAC02 /* ActionsViewController.swift */; };
		3AF2903127066C7C002AAC02 /* CommunitiesViewController.swift in Sources */ = {isa = PBXBuildFile; fileRef = 3AF2903027066C7C002AAC02 /* CommunitiesViewController.swift */; };
		3AF2903327066C87002AAC02 /* RewardsViewController.swift in Sources */ = {isa = PBXBuildFile; fileRef = 3AF2903227066C87002AAC02 /* RewardsViewController.swift */; };
		3AF2903527066C9B002AAC02 /* ProfileViewController.swift in Sources */ = {isa = PBXBuildFile; fileRef = 3AF2903427066C9B002AAC02 /* ProfileViewController.swift */; };
		973829DC272211640000CFFC /* GoogleService-Info.plist in Resources */ = {isa = PBXBuildFile; fileRef = 973829DB272211640000CFFC /* GoogleService-Info.plist */; };
		97A36274272F491E00A21A4B /* Leaderboard.swift in Sources */ = {isa = PBXBuildFile; fileRef = 97A36273272F491E00A21A4B /* Leaderboard.swift */; };
		97A58C6F2722179500FDE07C /* AllCommunitiesViewController.swift in Sources */ = {isa = PBXBuildFile; fileRef = 97A58C6E2722179500FDE07C /* AllCommunitiesViewController.swift */; };
		97B6959D270FAEE300232299 /* Structs.swift in Sources */ = {isa = PBXBuildFile; fileRef = 97B6959C270FAEE300232299 /* Structs.swift */; };
		97B695A0270FAFF900232299 /* CommunityCell.swift in Sources */ = {isa = PBXBuildFile; fileRef = 97B6959E270FAFF900232299 /* CommunityCell.swift */; };
		97B695A1270FAFF900232299 /* CommunityCell.xib in Resources */ = {isa = PBXBuildFile; fileRef = 97B6959F270FAFF900232299 /* CommunityCell.xib */; };
		C201B7900383CD539CD986F0 /* Pods_SustainableScottyTests.framework in Frameworks */ = {isa = PBXBuildFile; fileRef = 74413B380221D53E6AA0B204 /* Pods_SustainableScottyTests.framework */; };
		E240E0A2B3AA110FB458C09A /* Pods_SustainableScotty.framework in Frameworks */ = {isa = PBXBuildFile; fileRef = 9183B12AC8B02734F419CF18 /* Pods_SustainableScotty.framework */; };
		EFCE2610B59B21159B272C0D /* Pods_SustainableScotty_SustainableScottyUITests.framework in Frameworks */ = {isa = PBXBuildFile; fileRef = 002942D0F8B05745EC1736D3 /* Pods_SustainableScotty_SustainableScottyUITests.framework */; };
/* End PBXBuildFile section */

/* Begin PBXContainerItemProxy section */
		3AD5DB1D2706612400812705 /* PBXContainerItemProxy */ = {
			isa = PBXContainerItemProxy;
			containerPortal = 3AD5DAFE2706612100812705 /* Project object */;
			proxyType = 1;
			remoteGlobalIDString = 3AD5DB052706612100812705;
			remoteInfo = SustainableScotty;
		};
		3AD5DB272706612400812705 /* PBXContainerItemProxy */ = {
			isa = PBXContainerItemProxy;
			containerPortal = 3AD5DAFE2706612100812705 /* Project object */;
			proxyType = 1;
			remoteGlobalIDString = 3AD5DB052706612100812705;
			remoteInfo = SustainableScotty;
		};
/* End PBXContainerItemProxy section */

/* Begin PBXFileReference section */
		002942D0F8B05745EC1736D3 /* Pods_SustainableScotty_SustainableScottyUITests.framework */ = {isa = PBXFileReference; explicitFileType = wrapper.framework; includeInIndex = 0; path = Pods_SustainableScotty_SustainableScottyUITests.framework; sourceTree = BUILT_PRODUCTS_DIR; };
		225CF34A6EA11EE22FFC6517 /* Pods-SustainableScotty-SustainableScottyUITests.release.xcconfig */ = {isa = PBXFileReference; includeInIndex = 1; lastKnownFileType = text.xcconfig; name = "Pods-SustainableScotty-SustainableScottyUITests.release.xcconfig"; path = "Target Support Files/Pods-SustainableScotty-SustainableScottyUITests/Pods-SustainableScotty-SustainableScottyUITests.release.xcconfig"; sourceTree = "<group>"; };
		3A5CEE18270A4CFD005AA8CA /* LogInViewController.swift */ = {isa = PBXFileReference; lastKnownFileType = sourcecode.swift; path = LogInViewController.swift; sourceTree = "<group>"; };
		3A5CEE1A270A4D20005AA8CA /* SignUpViewController.swift */ = {isa = PBXFileReference; lastKnownFileType = sourcecode.swift; path = SignUpViewController.swift; sourceTree = "<group>"; };
		3A5CEE22270A5790005AA8CA /* Helper.swift */ = {isa = PBXFileReference; lastKnownFileType = sourcecode.swift; path = Helper.swift; sourceTree = "<group>"; };
		3AD5DB062706612100812705 /* SustainableScotty.app */ = {isa = PBXFileReference; explicitFileType = wrapper.application; includeInIndex = 0; path = SustainableScotty.app; sourceTree = BUILT_PRODUCTS_DIR; };
		3AD5DB092706612100812705 /* AppDelegate.swift */ = {isa = PBXFileReference; lastKnownFileType = sourcecode.swift; path = AppDelegate.swift; sourceTree = "<group>"; };
		3AD5DB0B2706612100812705 /* SceneDelegate.swift */ = {isa = PBXFileReference; lastKnownFileType = sourcecode.swift; path = SceneDelegate.swift; sourceTree = "<group>"; };
		3AD5DB0D2706612100812705 /* StartViewController.swift */ = {isa = PBXFileReference; lastKnownFileType = sourcecode.swift; path = StartViewController.swift; sourceTree = "<group>"; };
		3AD5DB102706612100812705 /* Base */ = {isa = PBXFileReference; lastKnownFileType = file.storyboard; name = Base; path = Base.lproj/Main.storyboard; sourceTree = "<group>"; };
		3AD5DB122706612300812705 /* Assets.xcassets */ = {isa = PBXFileReference; lastKnownFileType = folder.assetcatalog; path = Assets.xcassets; sourceTree = "<group>"; };
		3AD5DB152706612300812705 /* Base */ = {isa = PBXFileReference; lastKnownFileType = file.storyboard; name = Base; path = Base.lproj/LaunchScreen.storyboard; sourceTree = "<group>"; };
		3AD5DB172706612300812705 /* Info.plist */ = {isa = PBXFileReference; lastKnownFileType = text.plist.xml; path = Info.plist; sourceTree = "<group>"; };
		3AD5DB1C2706612400812705 /* SustainableScottyTests.xctest */ = {isa = PBXFileReference; explicitFileType = wrapper.cfbundle; includeInIndex = 0; path = SustainableScottyTests.xctest; sourceTree = BUILT_PRODUCTS_DIR; };
		3AD5DB202706612400812705 /* SustainableScottyTests.swift */ = {isa = PBXFileReference; lastKnownFileType = sourcecode.swift; path = SustainableScottyTests.swift; sourceTree = "<group>"; };
		3AD5DB262706612400812705 /* SustainableScottyUITests.xctest */ = {isa = PBXFileReference; explicitFileType = wrapper.cfbundle; includeInIndex = 0; path = SustainableScottyUITests.xctest; sourceTree = BUILT_PRODUCTS_DIR; };
		3AD5DB2A2706612400812705 /* SustainableScottyUITests.swift */ = {isa = PBXFileReference; lastKnownFileType = sourcecode.swift; path = SustainableScottyUITests.swift; sourceTree = "<group>"; };
		3AD5DB2C2706612400812705 /* SustainableScottyUITestsLaunchTests.swift */ = {isa = PBXFileReference; lastKnownFileType = sourcecode.swift; path = SustainableScottyUITestsLaunchTests.swift; sourceTree = "<group>"; };
		3AF2902C27066C5F002AAC02 /* HomeViewController.swift */ = {isa = PBXFileReference; lastKnownFileType = sourcecode.swift; path = HomeViewController.swift; sourceTree = "<group>"; };
		3AF2902E27066C6D002AAC02 /* ActionsViewController.swift */ = {isa = PBXFileReference; lastKnownFileType = sourcecode.swift; path = ActionsViewController.swift; sourceTree = "<group>"; };
		3AF2903027066C7C002AAC02 /* CommunitiesViewController.swift */ = {isa = PBXFileReference; lastKnownFileType = sourcecode.swift; path = CommunitiesViewController.swift; sourceTree = "<group>"; };
		3AF2903227066C87002AAC02 /* RewardsViewController.swift */ = {isa = PBXFileReference; lastKnownFileType = sourcecode.swift; path = RewardsViewController.swift; sourceTree = "<group>"; };
		3AF2903427066C9B002AAC02 /* ProfileViewController.swift */ = {isa = PBXFileReference; lastKnownFileType = sourcecode.swift; path = ProfileViewController.swift; sourceTree = "<group>"; };
		41387A1440279D05AB1DD6EF /* Pods-SustainableScotty.debug.xcconfig */ = {isa = PBXFileReference; includeInIndex = 1; lastKnownFileType = text.xcconfig; name = "Pods-SustainableScotty.debug.xcconfig"; path = "Target Support Files/Pods-SustainableScotty/Pods-SustainableScotty.debug.xcconfig"; sourceTree = "<group>"; };
		6E6807F89FDF4D975A7C0DBD /* Pods-SustainableScottyTests.debug.xcconfig */ = {isa = PBXFileReference; includeInIndex = 1; lastKnownFileType = text.xcconfig; name = "Pods-SustainableScottyTests.debug.xcconfig"; path = "Target Support Files/Pods-SustainableScottyTests/Pods-SustainableScottyTests.debug.xcconfig"; sourceTree = "<group>"; };
		74413B380221D53E6AA0B204 /* Pods_SustainableScottyTests.framework */ = {isa = PBXFileReference; explicitFileType = wrapper.framework; includeInIndex = 0; path = Pods_SustainableScottyTests.framework; sourceTree = BUILT_PRODUCTS_DIR; };
		87D2AFF2B63983297BF8F59F /* Pods-SustainableScotty-SustainableScottyUITests.debug.xcconfig */ = {isa = PBXFileReference; includeInIndex = 1; lastKnownFileType = text.xcconfig; name = "Pods-SustainableScotty-SustainableScottyUITests.debug.xcconfig"; path = "Target Support Files/Pods-SustainableScotty-SustainableScottyUITests/Pods-SustainableScotty-SustainableScottyUITests.debug.xcconfig"; sourceTree = "<group>"; };
		9183B12AC8B02734F419CF18 /* Pods_SustainableScotty.framework */ = {isa = PBXFileReference; explicitFileType = wrapper.framework; includeInIndex = 0; path = Pods_SustainableScotty.framework; sourceTree = BUILT_PRODUCTS_DIR; };
		973829DB272211640000CFFC /* GoogleService-Info.plist */ = {isa = PBXFileReference; fileEncoding = 4; lastKnownFileType = text.plist.xml; path = "GoogleService-Info.plist"; sourceTree = "<group>"; };
		97A36273272F491E00A21A4B /* Leaderboard.swift */ = {isa = PBXFileReference; lastKnownFileType = sourcecode.swift; path = Leaderboard.swift; sourceTree = "<group>"; };
		97A58C6E2722179500FDE07C /* AllCommunitiesViewController.swift */ = {isa = PBXFileReference; lastKnownFileType = sourcecode.swift; path = AllCommunitiesViewController.swift; sourceTree = "<group>"; };
		97B6959C270FAEE300232299 /* Structs.swift */ = {isa = PBXFileReference; lastKnownFileType = sourcecode.swift; path = Structs.swift; sourceTree = "<group>"; };
		97B6959E270FAFF900232299 /* CommunityCell.swift */ = {isa = PBXFileReference; lastKnownFileType = sourcecode.swift; path = CommunityCell.swift; sourceTree = "<group>"; };
		97B6959F270FAFF900232299 /* CommunityCell.xib */ = {isa = PBXFileReference; lastKnownFileType = file.xib; path = CommunityCell.xib; sourceTree = "<group>"; };
		C29A740391045D11747C4D24 /* Pods-SustainableScotty.release.xcconfig */ = {isa = PBXFileReference; includeInIndex = 1; lastKnownFileType = text.xcconfig; name = "Pods-SustainableScotty.release.xcconfig"; path = "Target Support Files/Pods-SustainableScotty/Pods-SustainableScotty.release.xcconfig"; sourceTree = "<group>"; };
		C35F868BAA5BEF2AEF750712 /* Pods-SustainableScottyTests.release.xcconfig */ = {isa = PBXFileReference; includeInIndex = 1; lastKnownFileType = text.xcconfig; name = "Pods-SustainableScottyTests.release.xcconfig"; path = "Target Support Files/Pods-SustainableScottyTests/Pods-SustainableScottyTests.release.xcconfig"; sourceTree = "<group>"; };
/* End PBXFileReference section */

/* Begin PBXFrameworksBuildPhase section */
		3AD5DB032706612100812705 /* Frameworks */ = {
			isa = PBXFrameworksBuildPhase;
			buildActionMask = 2147483647;
			files = (
				E240E0A2B3AA110FB458C09A /* Pods_SustainableScotty.framework in Frameworks */,
			);
			runOnlyForDeploymentPostprocessing = 0;
		};
		3AD5DB192706612400812705 /* Frameworks */ = {
			isa = PBXFrameworksBuildPhase;
			buildActionMask = 2147483647;
			files = (
				C201B7900383CD539CD986F0 /* Pods_SustainableScottyTests.framework in Frameworks */,
			);
			runOnlyForDeploymentPostprocessing = 0;
		};
		3AD5DB232706612400812705 /* Frameworks */ = {
			isa = PBXFrameworksBuildPhase;
			buildActionMask = 2147483647;
			files = (
				EFCE2610B59B21159B272C0D /* Pods_SustainableScotty_SustainableScottyUITests.framework in Frameworks */,
			);
			runOnlyForDeploymentPostprocessing = 0;
		};
/* End PBXFrameworksBuildPhase section */

/* Begin PBXGroup section */
		3A5CEE17270A4C07005AA8CA /* StartUpViewControllers */ = {
			isa = PBXGroup;
			children = (
				3AD5DB0D2706612100812705 /* StartViewController.swift */,
				3A5CEE18270A4CFD005AA8CA /* LogInViewController.swift */,
				3A5CEE1A270A4D20005AA8CA /* SignUpViewController.swift */,
			);
			path = StartUpViewControllers;
			sourceTree = "<group>";
		};
		3A5CEE1C270A4D45005AA8CA /* CommunitiesViewControllers */ = {
			isa = PBXGroup;
			children = (
				3AA9EB712722270B00E411B9 /* Cells */,
				3AF2903027066C7C002AAC02 /* CommunitiesViewController.swift */,
				97A58C6E2722179500FDE07C /* AllCommunitiesViewController.swift */,
				97A36273272F491E00A21A4B /* Leaderboard.swift */,
			);
			path = CommunitiesViewControllers;
			sourceTree = "<group>";
		};
		3A5CEE1D270A4D6E005AA8CA /* RewardsViewControllers */ = {
			isa = PBXGroup;
			children = (
				3AF2903227066C87002AAC02 /* RewardsViewController.swift */,
			);
			path = RewardsViewControllers;
			sourceTree = "<group>";
		};
		3A5CEE1E270A4D85005AA8CA /* ProfileViewControllers */ = {
			isa = PBXGroup;
			children = (
				3AF2903427066C9B002AAC02 /* ProfileViewController.swift */,
			);
			path = ProfileViewControllers;
			sourceTree = "<group>";
		};
		3A5CEE1F270A4D99005AA8CA /* HomeViewControllers */ = {
			isa = PBXGroup;
			children = (
				3AF2902C27066C5F002AAC02 /* HomeViewController.swift */,
			);
			path = HomeViewControllers;
			sourceTree = "<group>";
		};
		3A5CEE20270A4DAC005AA8CA /* ActionsViewControllers */ = {
			isa = PBXGroup;
			children = (
				3AF2902E27066C6D002AAC02 /* ActionsViewController.swift */,
			);
			path = ActionsViewControllers;
			sourceTree = "<group>";
		};
		3A5CEE21270A5709005AA8CA /* Helpers */ = {
			isa = PBXGroup;
			children = (
				3A5CEE22270A5790005AA8CA /* Helper.swift */,
			);
			path = Helpers;
			sourceTree = "<group>";
		};
		3AA9EB712722270B00E411B9 /* Cells */ = {
			isa = PBXGroup;
			children = (
				97B6959E270FAFF900232299 /* CommunityCell.swift */,
				97B6959F270FAFF900232299 /* CommunityCell.xib */,
			);
			path = Cells;
			sourceTree = "<group>";
		};
		3AD5DAFD2706612100812705 = {
			isa = PBXGroup;
			children = (
				3AD5DB082706612100812705 /* SustainableScotty */,
				3AD5DB1F2706612400812705 /* SustainableScottyTests */,
				3AD5DB292706612400812705 /* SustainableScottyUITests */,
				3AD5DB072706612100812705 /* Products */,
				FF747C041ECB1E240E6DBA3B /* Pods */,
				564975A9C6D2B7F194A8E2F8 /* Frameworks */,
			);
			sourceTree = "<group>";
		};
		3AD5DB072706612100812705 /* Products */ = {
			isa = PBXGroup;
			children = (
				3AD5DB062706612100812705 /* SustainableScotty.app */,
				3AD5DB1C2706612400812705 /* SustainableScottyTests.xctest */,
				3AD5DB262706612400812705 /* SustainableScottyUITests.xctest */,
			);
			name = Products;
			sourceTree = "<group>";
		};
		3AD5DB082706612100812705 /* SustainableScotty */ = {
			isa = PBXGroup;
			children = (
				3A5CEE21270A5709005AA8CA /* Helpers */,
				97B6959A270FAACB00232299 /* Model */,
				3AF2902927066B9C002AAC02 /* ViewControllers */,
				3AD5DB092706612100812705 /* AppDelegate.swift */,
				3AD5DB0B2706612100812705 /* SceneDelegate.swift */,
				3AD5DB0F2706612100812705 /* Main.storyboard */,
				3AD5DB122706612300812705 /* Assets.xcassets */,
				3AD5DB142706612300812705 /* LaunchScreen.storyboard */,
				3AD5DB172706612300812705 /* Info.plist */,
				973829DB272211640000CFFC /* GoogleService-Info.plist */,
			);
			path = SustainableScotty;
			sourceTree = "<group>";
		};
		3AD5DB1F2706612400812705 /* SustainableScottyTests */ = {
			isa = PBXGroup;
			children = (
				3AD5DB202706612400812705 /* SustainableScottyTests.swift */,
			);
			path = SustainableScottyTests;
			sourceTree = "<group>";
		};
		3AD5DB292706612400812705 /* SustainableScottyUITests */ = {
			isa = PBXGroup;
			children = (
				3AD5DB2A2706612400812705 /* SustainableScottyUITests.swift */,
				3AD5DB2C2706612400812705 /* SustainableScottyUITestsLaunchTests.swift */,
			);
			path = SustainableScottyUITests;
			sourceTree = "<group>";
		};
		3AF2902927066B9C002AAC02 /* ViewControllers */ = {
			isa = PBXGroup;
			children = (
				3A5CEE17270A4C07005AA8CA /* StartUpViewControllers */,
				3A5CEE1F270A4D99005AA8CA /* HomeViewControllers */,
				3A5CEE20270A4DAC005AA8CA /* ActionsViewControllers */,
				3A5CEE1C270A4D45005AA8CA /* CommunitiesViewControllers */,
				3A5CEE1D270A4D6E005AA8CA /* RewardsViewControllers */,
				3A5CEE1E270A4D85005AA8CA /* ProfileViewControllers */,
			);
			path = ViewControllers;
			sourceTree = "<group>";
		};
		564975A9C6D2B7F194A8E2F8 /* Frameworks */ = {
			isa = PBXGroup;
			children = (
				9183B12AC8B02734F419CF18 /* Pods_SustainableScotty.framework */,
				002942D0F8B05745EC1736D3 /* Pods_SustainableScotty_SustainableScottyUITests.framework */,
				74413B380221D53E6AA0B204 /* Pods_SustainableScottyTests.framework */,
			);
			name = Frameworks;
			sourceTree = "<group>";
		};
		97B6959A270FAACB00232299 /* Model */ = {
			isa = PBXGroup;
			children = (
				97B6959C270FAEE300232299 /* Structs.swift */,
			);
			path = Model;
			sourceTree = "<group>";
		};
		FF747C041ECB1E240E6DBA3B /* Pods */ = {
			isa = PBXGroup;
			children = (
				41387A1440279D05AB1DD6EF /* Pods-SustainableScotty.debug.xcconfig */,
				C29A740391045D11747C4D24 /* Pods-SustainableScotty.release.xcconfig */,
				87D2AFF2B63983297BF8F59F /* Pods-SustainableScotty-SustainableScottyUITests.debug.xcconfig */,
				225CF34A6EA11EE22FFC6517 /* Pods-SustainableScotty-SustainableScottyUITests.release.xcconfig */,
				6E6807F89FDF4D975A7C0DBD /* Pods-SustainableScottyTests.debug.xcconfig */,
				C35F868BAA5BEF2AEF750712 /* Pods-SustainableScottyTests.release.xcconfig */,
			);
			path = Pods;
			sourceTree = "<group>";
		};
/* End PBXGroup section */

/* Begin PBXNativeTarget section */
		3AD5DB052706612100812705 /* SustainableScotty */ = {
			isa = PBXNativeTarget;
			buildConfigurationList = 3AD5DB302706612400812705 /* Build configuration list for PBXNativeTarget "SustainableScotty" */;
			buildPhases = (
				264DF3C7684D3AA846E8EF01 /* [CP] Check Pods Manifest.lock */,
				3AD5DB022706612100812705 /* Sources */,
				3AD5DB032706612100812705 /* Frameworks */,
				3AD5DB042706612100812705 /* Resources */,
				8100183E3234DB964807F01E /* [CP] Embed Pods Frameworks */,
			);
			buildRules = (
			);
			dependencies = (
			);
			name = SustainableScotty;
			productName = SustainableScotty;
			productReference = 3AD5DB062706612100812705 /* SustainableScotty.app */;
			productType = "com.apple.product-type.application";
		};
		3AD5DB1B2706612400812705 /* SustainableScottyTests */ = {
			isa = PBXNativeTarget;
			buildConfigurationList = 3AD5DB332706612400812705 /* Build configuration list for PBXNativeTarget "SustainableScottyTests" */;
			buildPhases = (
				18DDE4145F0F61F5689DC967 /* [CP] Check Pods Manifest.lock */,
				3AD5DB182706612400812705 /* Sources */,
				3AD5DB192706612400812705 /* Frameworks */,
				3AD5DB1A2706612400812705 /* Resources */,
			);
			buildRules = (
			);
			dependencies = (
				3AD5DB1E2706612400812705 /* PBXTargetDependency */,
			);
			name = SustainableScottyTests;
			productName = SustainableScottyTests;
			productReference = 3AD5DB1C2706612400812705 /* SustainableScottyTests.xctest */;
			productType = "com.apple.product-type.bundle.unit-test";
		};
		3AD5DB252706612400812705 /* SustainableScottyUITests */ = {
			isa = PBXNativeTarget;
			buildConfigurationList = 3AD5DB362706612400812705 /* Build configuration list for PBXNativeTarget "SustainableScottyUITests" */;
			buildPhases = (
				0D531EE1ED25558AFAB3EF38 /* [CP] Check Pods Manifest.lock */,
				3AD5DB222706612400812705 /* Sources */,
				3AD5DB232706612400812705 /* Frameworks */,
				3AD5DB242706612400812705 /* Resources */,
				9C786E68B9EEBD6EE2D06B63 /* [CP] Embed Pods Frameworks */,
			);
			buildRules = (
			);
			dependencies = (
				3AD5DB282706612400812705 /* PBXTargetDependency */,
			);
			name = SustainableScottyUITests;
			productName = SustainableScottyUITests;
			productReference = 3AD5DB262706612400812705 /* SustainableScottyUITests.xctest */;
			productType = "com.apple.product-type.bundle.ui-testing";
		};
/* End PBXNativeTarget section */

/* Begin PBXProject section */
		3AD5DAFE2706612100812705 /* Project object */ = {
			isa = PBXProject;
			attributes = {
				BuildIndependentTargetsInParallel = 1;
				LastSwiftUpdateCheck = 1300;
				LastUpgradeCheck = 1300;
				TargetAttributes = {
					3AD5DB052706612100812705 = {
						CreatedOnToolsVersion = 13.0;
					};
					3AD5DB1B2706612400812705 = {
						CreatedOnToolsVersion = 13.0;
						TestTargetID = 3AD5DB052706612100812705;
					};
					3AD5DB252706612400812705 = {
						CreatedOnToolsVersion = 13.0;
						TestTargetID = 3AD5DB052706612100812705;
					};
				};
			};
			buildConfigurationList = 3AD5DB012706612100812705 /* Build configuration list for PBXProject "SustainableScotty" */;
			compatibilityVersion = "Xcode 13.0";
			developmentRegion = en;
			hasScannedForEncodings = 0;
			knownRegions = (
				en,
				Base,
			);
			mainGroup = 3AD5DAFD2706612100812705;
			productRefGroup = 3AD5DB072706612100812705 /* Products */;
			projectDirPath = "";
			projectRoot = "";
			targets = (
				3AD5DB052706612100812705 /* SustainableScotty */,
				3AD5DB1B2706612400812705 /* SustainableScottyTests */,
				3AD5DB252706612400812705 /* SustainableScottyUITests */,
			);
		};
/* End PBXProject section */

/* Begin PBXResourcesBuildPhase section */
		3AD5DB042706612100812705 /* Resources */ = {
			isa = PBXResourcesBuildPhase;
			buildActionMask = 2147483647;
			files = (
				3AD5DB162706612300812705 /* LaunchScreen.storyboard in Resources */,
				3AD5DB132706612300812705 /* Assets.xcassets in Resources */,
				973829DC272211640000CFFC /* GoogleService-Info.plist in Resources */,
				97B695A1270FAFF900232299 /* CommunityCell.xib in Resources */,
				3AD5DB112706612100812705 /* Main.storyboard in Resources */,
			);
			runOnlyForDeploymentPostprocessing = 0;
		};
		3AD5DB1A2706612400812705 /* Resources */ = {
			isa = PBXResourcesBuildPhase;
			buildActionMask = 2147483647;
			files = (
			);
			runOnlyForDeploymentPostprocessing = 0;
		};
		3AD5DB242706612400812705 /* Resources */ = {
			isa = PBXResourcesBuildPhase;
			buildActionMask = 2147483647;
			files = (
			);
			runOnlyForDeploymentPostprocessing = 0;
		};
/* End PBXResourcesBuildPhase section */

/* Begin PBXShellScriptBuildPhase section */
		0D531EE1ED25558AFAB3EF38 /* [CP] Check Pods Manifest.lock */ = {
			isa = PBXShellScriptBuildPhase;
			buildActionMask = 2147483647;
			files = (
			);
			inputFileListPaths = (
			);
			inputPaths = (
				"${PODS_PODFILE_DIR_PATH}/Podfile.lock",
				"${PODS_ROOT}/Manifest.lock",
			);
			name = "[CP] Check Pods Manifest.lock";
			outputFileListPaths = (
			);
			outputPaths = (
				"$(DERIVED_FILE_DIR)/Pods-SustainableScotty-SustainableScottyUITests-checkManifestLockResult.txt",
			);
			runOnlyForDeploymentPostprocessing = 0;
			shellPath = /bin/sh;
			shellScript = "diff \"${PODS_PODFILE_DIR_PATH}/Podfile.lock\" \"${PODS_ROOT}/Manifest.lock\" > /dev/null\nif [ $? != 0 ] ; then\n    # print error to STDERR\n    echo \"error: The sandbox is not in sync with the Podfile.lock. Run 'pod install' or update your CocoaPods installation.\" >&2\n    exit 1\nfi\n# This output is used by Xcode 'outputs' to avoid re-running this script phase.\necho \"SUCCESS\" > \"${SCRIPT_OUTPUT_FILE_0}\"\n";
			showEnvVarsInLog = 0;
		};
		18DDE4145F0F61F5689DC967 /* [CP] Check Pods Manifest.lock */ = {
			isa = PBXShellScriptBuildPhase;
			buildActionMask = 2147483647;
			files = (
			);
			inputFileListPaths = (
			);
			inputPaths = (
				"${PODS_PODFILE_DIR_PATH}/Podfile.lock",
				"${PODS_ROOT}/Manifest.lock",
			);
			name = "[CP] Check Pods Manifest.lock";
			outputFileListPaths = (
			);
			outputPaths = (
				"$(DERIVED_FILE_DIR)/Pods-SustainableScottyTests-checkManifestLockResult.txt",
			);
			runOnlyForDeploymentPostprocessing = 0;
			shellPath = /bin/sh;
			shellScript = "diff \"${PODS_PODFILE_DIR_PATH}/Podfile.lock\" \"${PODS_ROOT}/Manifest.lock\" > /dev/null\nif [ $? != 0 ] ; then\n    # print error to STDERR\n    echo \"error: The sandbox is not in sync with the Podfile.lock. Run 'pod install' or update your CocoaPods installation.\" >&2\n    exit 1\nfi\n# This output is used by Xcode 'outputs' to avoid re-running this script phase.\necho \"SUCCESS\" > \"${SCRIPT_OUTPUT_FILE_0}\"\n";
			showEnvVarsInLog = 0;
		};
		264DF3C7684D3AA846E8EF01 /* [CP] Check Pods Manifest.lock */ = {
			isa = PBXShellScriptBuildPhase;
			buildActionMask = 2147483647;
			files = (
			);
			inputFileListPaths = (
			);
			inputPaths = (
				"${PODS_PODFILE_DIR_PATH}/Podfile.lock",
				"${PODS_ROOT}/Manifest.lock",
			);
			name = "[CP] Check Pods Manifest.lock";
			outputFileListPaths = (
			);
			outputPaths = (
				"$(DERIVED_FILE_DIR)/Pods-SustainableScotty-checkManifestLockResult.txt",
			);
			runOnlyForDeploymentPostprocessing = 0;
			shellPath = /bin/sh;
			shellScript = "diff \"${PODS_PODFILE_DIR_PATH}/Podfile.lock\" \"${PODS_ROOT}/Manifest.lock\" > /dev/null\nif [ $? != 0 ] ; then\n    # print error to STDERR\n    echo \"error: The sandbox is not in sync with the Podfile.lock. Run 'pod install' or update your CocoaPods installation.\" >&2\n    exit 1\nfi\n# This output is used by Xcode 'outputs' to avoid re-running this script phase.\necho \"SUCCESS\" > \"${SCRIPT_OUTPUT_FILE_0}\"\n";
			showEnvVarsInLog = 0;
		};
		8100183E3234DB964807F01E /* [CP] Embed Pods Frameworks */ = {
			isa = PBXShellScriptBuildPhase;
			buildActionMask = 2147483647;
			files = (
			);
			inputFileListPaths = (
				"${PODS_ROOT}/Target Support Files/Pods-SustainableScotty/Pods-SustainableScotty-frameworks-${CONFIGURATION}-input-files.xcfilelist",
			);
			name = "[CP] Embed Pods Frameworks";
			outputFileListPaths = (
				"${PODS_ROOT}/Target Support Files/Pods-SustainableScotty/Pods-SustainableScotty-frameworks-${CONFIGURATION}-output-files.xcfilelist",
			);
			runOnlyForDeploymentPostprocessing = 0;
			shellPath = /bin/sh;
			shellScript = "\"${PODS_ROOT}/Target Support Files/Pods-SustainableScotty/Pods-SustainableScotty-frameworks.sh\"\n";
			showEnvVarsInLog = 0;
		};
		9C786E68B9EEBD6EE2D06B63 /* [CP] Embed Pods Frameworks */ = {
			isa = PBXShellScriptBuildPhase;
			buildActionMask = 2147483647;
			files = (
			);
			inputFileListPaths = (
				"${PODS_ROOT}/Target Support Files/Pods-SustainableScotty-SustainableScottyUITests/Pods-SustainableScotty-SustainableScottyUITests-frameworks-${CONFIGURATION}-input-files.xcfilelist",
			);
			name = "[CP] Embed Pods Frameworks";
			outputFileListPaths = (
				"${PODS_ROOT}/Target Support Files/Pods-SustainableScotty-SustainableScottyUITests/Pods-SustainableScotty-SustainableScottyUITests-frameworks-${CONFIGURATION}-output-files.xcfilelist",
			);
			runOnlyForDeploymentPostprocessing = 0;
			shellPath = /bin/sh;
			shellScript = "\"${PODS_ROOT}/Target Support Files/Pods-SustainableScotty-SustainableScottyUITests/Pods-SustainableScotty-SustainableScottyUITests-frameworks.sh\"\n";
			showEnvVarsInLog = 0;
		};
/* End PBXShellScriptBuildPhase section */

/* Begin PBXSourcesBuildPhase section */
		3AD5DB022706612100812705 /* Sources */ = {
			isa = PBXSourcesBuildPhase;
			buildActionMask = 2147483647;
			files = (
				97B6959D270FAEE300232299 /* Structs.swift in Sources */,
				3A5CEE23270A5790005AA8CA /* Helper.swift in Sources */,
				3AD5DB0E2706612100812705 /* StartViewController.swift in Sources */,
				97A58C6F2722179500FDE07C /* AllCommunitiesViewController.swift in Sources */,
				97A36274272F491E00A21A4B /* Leaderboard.swift in Sources */,
				3AF2903327066C87002AAC02 /* RewardsViewController.swift in Sources */,
				3A5CEE19270A4CFD005AA8CA /* LogInViewController.swift in Sources */,
				3AD5DB0A2706612100812705 /* AppDelegate.swift in Sources */,
				3A5CEE1B270A4D20005AA8CA /* SignUpViewController.swift in Sources */,
				3AD5DB0C2706612100812705 /* SceneDelegate.swift in Sources */,
				3AF2902F27066C6D002AAC02 /* ActionsViewController.swift in Sources */,
				3AF2903127066C7C002AAC02 /* CommunitiesViewController.swift in Sources */,
				97B695A0270FAFF900232299 /* CommunityCell.swift in Sources */,
				3AF2903527066C9B002AAC02 /* ProfileViewController.swift in Sources */,
				3AF2902D27066C5F002AAC02 /* HomeViewController.swift in Sources */,
			);
			runOnlyForDeploymentPostprocessing = 0;
		};
		3AD5DB182706612400812705 /* Sources */ = {
			isa = PBXSourcesBuildPhase;
			buildActionMask = 2147483647;
			files = (
				3AD5DB212706612400812705 /* SustainableScottyTests.swift in Sources */,
			);
			runOnlyForDeploymentPostprocessing = 0;
		};
		3AD5DB222706612400812705 /* Sources */ = {
			isa = PBXSourcesBuildPhase;
			buildActionMask = 2147483647;
			files = (
				3AD5DB2D2706612400812705 /* SustainableScottyUITestsLaunchTests.swift in Sources */,
				3AD5DB2B2706612400812705 /* SustainableScottyUITests.swift in Sources */,
			);
			runOnlyForDeploymentPostprocessing = 0;
		};
/* End PBXSourcesBuildPhase section */

/* Begin PBXTargetDependency section */
		3AD5DB1E2706612400812705 /* PBXTargetDependency */ = {
			isa = PBXTargetDependency;
			target = 3AD5DB052706612100812705 /* SustainableScotty */;
			targetProxy = 3AD5DB1D2706612400812705 /* PBXContainerItemProxy */;
		};
		3AD5DB282706612400812705 /* PBXTargetDependency */ = {
			isa = PBXTargetDependency;
			target = 3AD5DB052706612100812705 /* SustainableScotty */;
			targetProxy = 3AD5DB272706612400812705 /* PBXContainerItemProxy */;
		};
/* End PBXTargetDependency section */

/* Begin PBXVariantGroup section */
		3AD5DB0F2706612100812705 /* Main.storyboard */ = {
			isa = PBXVariantGroup;
			children = (
				3AD5DB102706612100812705 /* Base */,
			);
			name = Main.storyboard;
			sourceTree = "<group>";
		};
		3AD5DB142706612300812705 /* LaunchScreen.storyboard */ = {
			isa = PBXVariantGroup;
			children = (
				3AD5DB152706612300812705 /* Base */,
			);
			name = LaunchScreen.storyboard;
			sourceTree = "<group>";
		};
/* End PBXVariantGroup section */

/* Begin XCBuildConfiguration section */
		3AD5DB2E2706612400812705 /* Debug */ = {
			isa = XCBuildConfiguration;
			buildSettings = {
				ALWAYS_SEARCH_USER_PATHS = NO;
				CLANG_ANALYZER_NONNULL = YES;
				CLANG_ANALYZER_NUMBER_OBJECT_CONVERSION = YES_AGGRESSIVE;
				CLANG_CXX_LANGUAGE_STANDARD = "gnu++17";
				CLANG_CXX_LIBRARY = "libc++";
				CLANG_ENABLE_MODULES = YES;
				CLANG_ENABLE_OBJC_ARC = YES;
				CLANG_ENABLE_OBJC_WEAK = YES;
				CLANG_WARN_BLOCK_CAPTURE_AUTORELEASING = YES;
				CLANG_WARN_BOOL_CONVERSION = YES;
				CLANG_WARN_COMMA = YES;
				CLANG_WARN_CONSTANT_CONVERSION = YES;
				CLANG_WARN_DEPRECATED_OBJC_IMPLEMENTATIONS = YES;
				CLANG_WARN_DIRECT_OBJC_ISA_USAGE = YES_ERROR;
				CLANG_WARN_DOCUMENTATION_COMMENTS = YES;
				CLANG_WARN_EMPTY_BODY = YES;
				CLANG_WARN_ENUM_CONVERSION = YES;
				CLANG_WARN_INFINITE_RECURSION = YES;
				CLANG_WARN_INT_CONVERSION = YES;
				CLANG_WARN_NON_LITERAL_NULL_CONVERSION = YES;
				CLANG_WARN_OBJC_IMPLICIT_RETAIN_SELF = YES;
				CLANG_WARN_OBJC_LITERAL_CONVERSION = YES;
				CLANG_WARN_OBJC_ROOT_CLASS = YES_ERROR;
				CLANG_WARN_QUOTED_INCLUDE_IN_FRAMEWORK_HEADER = YES;
				CLANG_WARN_RANGE_LOOP_ANALYSIS = YES;
				CLANG_WARN_STRICT_PROTOTYPES = YES;
				CLANG_WARN_SUSPICIOUS_MOVE = YES;
				CLANG_WARN_UNGUARDED_AVAILABILITY = YES_AGGRESSIVE;
				CLANG_WARN_UNREACHABLE_CODE = YES;
				CLANG_WARN__DUPLICATE_METHOD_MATCH = YES;
				COPY_PHASE_STRIP = NO;
				DEBUG_INFORMATION_FORMAT = dwarf;
				ENABLE_STRICT_OBJC_MSGSEND = YES;
				ENABLE_TESTABILITY = YES;
				GCC_C_LANGUAGE_STANDARD = gnu11;
				GCC_DYNAMIC_NO_PIC = NO;
				GCC_NO_COMMON_BLOCKS = YES;
				GCC_OPTIMIZATION_LEVEL = 0;
				GCC_PREPROCESSOR_DEFINITIONS = (
					"DEBUG=1",
					"$(inherited)",
				);
				GCC_WARN_64_TO_32_BIT_CONVERSION = YES;
				GCC_WARN_ABOUT_RETURN_TYPE = YES_ERROR;
				GCC_WARN_UNDECLARED_SELECTOR = YES;
				GCC_WARN_UNINITIALIZED_AUTOS = YES_AGGRESSIVE;
				GCC_WARN_UNUSED_FUNCTION = YES;
				GCC_WARN_UNUSED_VARIABLE = YES;
				IPHONEOS_DEPLOYMENT_TARGET = 15.0;
				MTL_ENABLE_DEBUG_INFO = INCLUDE_SOURCE;
				MTL_FAST_MATH = YES;
				ONLY_ACTIVE_ARCH = YES;
				SDKROOT = iphoneos;
				SWIFT_ACTIVE_COMPILATION_CONDITIONS = DEBUG;
				SWIFT_OPTIMIZATION_LEVEL = "-Onone";
			};
			name = Debug;
		};
		3AD5DB2F2706612400812705 /* Release */ = {
			isa = XCBuildConfiguration;
			buildSettings = {
				ALWAYS_SEARCH_USER_PATHS = NO;
				CLANG_ANALYZER_NONNULL = YES;
				CLANG_ANALYZER_NUMBER_OBJECT_CONVERSION = YES_AGGRESSIVE;
				CLANG_CXX_LANGUAGE_STANDARD = "gnu++17";
				CLANG_CXX_LIBRARY = "libc++";
				CLANG_ENABLE_MODULES = YES;
				CLANG_ENABLE_OBJC_ARC = YES;
				CLANG_ENABLE_OBJC_WEAK = YES;
				CLANG_WARN_BLOCK_CAPTURE_AUTORELEASING = YES;
				CLANG_WARN_BOOL_CONVERSION = YES;
				CLANG_WARN_COMMA = YES;
				CLANG_WARN_CONSTANT_CONVERSION = YES;
				CLANG_WARN_DEPRECATED_OBJC_IMPLEMENTATIONS = YES;
				CLANG_WARN_DIRECT_OBJC_ISA_USAGE = YES_ERROR;
				CLANG_WARN_DOCUMENTATION_COMMENTS = YES;
				CLANG_WARN_EMPTY_BODY = YES;
				CLANG_WARN_ENUM_CONVERSION = YES;
				CLANG_WARN_INFINITE_RECURSION = YES;
				CLANG_WARN_INT_CONVERSION = YES;
				CLANG_WARN_NON_LITERAL_NULL_CONVERSION = YES;
				CLANG_WARN_OBJC_IMPLICIT_RETAIN_SELF = YES;
				CLANG_WARN_OBJC_LITERAL_CONVERSION = YES;
				CLANG_WARN_OBJC_ROOT_CLASS = YES_ERROR;
				CLANG_WARN_QUOTED_INCLUDE_IN_FRAMEWORK_HEADER = YES;
				CLANG_WARN_RANGE_LOOP_ANALYSIS = YES;
				CLANG_WARN_STRICT_PROTOTYPES = YES;
				CLANG_WARN_SUSPICIOUS_MOVE = YES;
				CLANG_WARN_UNGUARDED_AVAILABILITY = YES_AGGRESSIVE;
				CLANG_WARN_UNREACHABLE_CODE = YES;
				CLANG_WARN__DUPLICATE_METHOD_MATCH = YES;
				COPY_PHASE_STRIP = NO;
				DEBUG_INFORMATION_FORMAT = "dwarf-with-dsym";
				ENABLE_NS_ASSERTIONS = NO;
				ENABLE_STRICT_OBJC_MSGSEND = YES;
				GCC_C_LANGUAGE_STANDARD = gnu11;
				GCC_NO_COMMON_BLOCKS = YES;
				GCC_WARN_64_TO_32_BIT_CONVERSION = YES;
				GCC_WARN_ABOUT_RETURN_TYPE = YES_ERROR;
				GCC_WARN_UNDECLARED_SELECTOR = YES;
				GCC_WARN_UNINITIALIZED_AUTOS = YES_AGGRESSIVE;
				GCC_WARN_UNUSED_FUNCTION = YES;
				GCC_WARN_UNUSED_VARIABLE = YES;
				IPHONEOS_DEPLOYMENT_TARGET = 15.0;
				MTL_ENABLE_DEBUG_INFO = NO;
				MTL_FAST_MATH = YES;
				SDKROOT = iphoneos;
				SWIFT_COMPILATION_MODE = wholemodule;
				SWIFT_OPTIMIZATION_LEVEL = "-O";
				VALIDATE_PRODUCT = YES;
			};
			name = Release;
		};
		3AD5DB312706612400812705 /* Debug */ = {
			isa = XCBuildConfiguration;
			baseConfigurationReference = 41387A1440279D05AB1DD6EF /* Pods-SustainableScotty.debug.xcconfig */;
			buildSettings = {
				ASSETCATALOG_COMPILER_APPICON_NAME = AppIcon;
				ASSETCATALOG_COMPILER_GLOBAL_ACCENT_COLOR_NAME = AccentColor;
				CODE_SIGN_IDENTITY = "Apple Development";
				CODE_SIGN_STYLE = Automatic;
				CURRENT_PROJECT_VERSION = 1;
				DEVELOPMENT_TEAM = 5PMXASNV9X;
				GENERATE_INFOPLIST_FILE = YES;
				INFOPLIST_FILE = SustainableScotty/Info.plist;
				INFOPLIST_KEY_UIApplicationSupportsIndirectInputEvents = YES;
				INFOPLIST_KEY_UILaunchStoryboardName = LaunchScreen;
				INFOPLIST_KEY_UIMainStoryboardFile = Main;
				INFOPLIST_KEY_UISupportedInterfaceOrientations_iPad = "UIInterfaceOrientationPortrait UIInterfaceOrientationPortraitUpsideDown UIInterfaceOrientationLandscapeLeft UIInterfaceOrientationLandscapeRight";
				INFOPLIST_KEY_UISupportedInterfaceOrientations_iPhone = "UIInterfaceOrientationPortrait UIInterfaceOrientationLandscapeLeft UIInterfaceOrientationLandscapeRight";
				LD_RUNPATH_SEARCH_PATHS = (
					"$(inherited)",
					"@executable_path/Frameworks",
				);
				MARKETING_VERSION = 1.0;
				PRODUCT_BUNDLE_IDENTIFIER = com.sophialau.SustainableScotty;
				PRODUCT_NAME = "$(TARGET_NAME)";
				PROVISIONING_PROFILE_SPECIFIER = "";
				SWIFT_EMIT_LOC_STRINGS = YES;
				SWIFT_VERSION = 5.0;
				TARGETED_DEVICE_FAMILY = "1,2";
			};
			name = Debug;
		};
		3AD5DB322706612400812705 /* Release */ = {
			isa = XCBuildConfiguration;
			baseConfigurationReference = C29A740391045D11747C4D24 /* Pods-SustainableScotty.release.xcconfig */;
			buildSettings = {
				ASSETCATALOG_COMPILER_APPICON_NAME = AppIcon;
				ASSETCATALOG_COMPILER_GLOBAL_ACCENT_COLOR_NAME = AccentColor;
				CODE_SIGN_IDENTITY = "Apple Development";
				CODE_SIGN_STYLE = Automatic;
				CURRENT_PROJECT_VERSION = 1;
				DEVELOPMENT_TEAM = 5PMXASNV9X;
				GENERATE_INFOPLIST_FILE = YES;
				INFOPLIST_FILE = SustainableScotty/Info.plist;
				INFOPLIST_KEY_UIApplicationSupportsIndirectInputEvents = YES;
				INFOPLIST_KEY_UILaunchStoryboardName = LaunchScreen;
				INFOPLIST_KEY_UIMainStoryboardFile = Main;
				INFOPLIST_KEY_UISupportedInterfaceOrientations_iPad = "UIInterfaceOrientationPortrait UIInterfaceOrientationPortraitUpsideDown UIInterfaceOrientationLandscapeLeft UIInterfaceOrientationLandscapeRight";
				INFOPLIST_KEY_UISupportedInterfaceOrientations_iPhone = "UIInterfaceOrientationPortrait UIInterfaceOrientationLandscapeLeft UIInterfaceOrientationLandscapeRight";
				LD_RUNPATH_SEARCH_PATHS = (
					"$(inherited)",
					"@executable_path/Frameworks",
				);
				MARKETING_VERSION = 1.0;
				PRODUCT_BUNDLE_IDENTIFIER = com.sophialau.SustainableScotty;
				PRODUCT_NAME = "$(TARGET_NAME)";
				PROVISIONING_PROFILE_SPECIFIER = "";
				SWIFT_EMIT_LOC_STRINGS = YES;
				SWIFT_VERSION = 5.0;
				TARGETED_DEVICE_FAMILY = "1,2";
			};
			name = Release;
		};
		3AD5DB342706612400812705 /* Debug */ = {
			isa = XCBuildConfiguration;
			baseConfigurationReference = 6E6807F89FDF4D975A7C0DBD /* Pods-SustainableScottyTests.debug.xcconfig */;
			buildSettings = {
				ALWAYS_EMBED_SWIFT_STANDARD_LIBRARIES = YES;
				BUNDLE_LOADER = "$(TEST_HOST)";
				CODE_SIGN_STYLE = Automatic;
				CURRENT_PROJECT_VERSION = 1;
				GENERATE_INFOPLIST_FILE = YES;
				IPHONEOS_DEPLOYMENT_TARGET = 15.0;
				LD_RUNPATH_SEARCH_PATHS = (
					"$(inherited)",
					"@executable_path/Frameworks",
					"@loader_path/Frameworks",
				);
				MARKETING_VERSION = 1.0;
				PRODUCT_BUNDLE_IDENTIFIER = com.sophialau.SustainableScottyTests;
				PRODUCT_NAME = "$(TARGET_NAME)";
				SWIFT_EMIT_LOC_STRINGS = NO;
				SWIFT_VERSION = 5.0;
				TARGETED_DEVICE_FAMILY = "1,2";
				TEST_HOST = "$(BUILT_PRODUCTS_DIR)/SustainableScotty.app/SustainableScotty";
			};
			name = Debug;
		};
		3AD5DB352706612400812705 /* Release */ = {
			isa = XCBuildConfiguration;
			baseConfigurationReference = C35F868BAA5BEF2AEF750712 /* Pods-SustainableScottyTests.release.xcconfig */;
			buildSettings = {
				ALWAYS_EMBED_SWIFT_STANDARD_LIBRARIES = YES;
				BUNDLE_LOADER = "$(TEST_HOST)";
				CODE_SIGN_STYLE = Automatic;
				CURRENT_PROJECT_VERSION = 1;
				GENERATE_INFOPLIST_FILE = YES;
				IPHONEOS_DEPLOYMENT_TARGET = 15.0;
				LD_RUNPATH_SEARCH_PATHS = (
					"$(inherited)",
					"@executable_path/Frameworks",
					"@loader_path/Frameworks",
				);
				MARKETING_VERSION = 1.0;
				PRODUCT_BUNDLE_IDENTIFIER = com.sophialau.SustainableScottyTests;
				PRODUCT_NAME = "$(TARGET_NAME)";
				SWIFT_EMIT_LOC_STRINGS = NO;
				SWIFT_VERSION = 5.0;
				TARGETED_DEVICE_FAMILY = "1,2";
				TEST_HOST = "$(BUILT_PRODUCTS_DIR)/SustainableScotty.app/SustainableScotty";
			};
			name = Release;
		};
		3AD5DB372706612400812705 /* Debug */ = {
			isa = XCBuildConfiguration;
			baseConfigurationReference = 87D2AFF2B63983297BF8F59F /* Pods-SustainableScotty-SustainableScottyUITests.debug.xcconfig */;
			buildSettings = {
				ALWAYS_EMBED_SWIFT_STANDARD_LIBRARIES = YES;
				CODE_SIGN_STYLE = Automatic;
				CURRENT_PROJECT_VERSION = 1;
				GENERATE_INFOPLIST_FILE = YES;
				LD_RUNPATH_SEARCH_PATHS = (
					"$(inherited)",
					"@executable_path/Frameworks",
					"@loader_path/Frameworks",
				);
				MARKETING_VERSION = 1.0;
				PRODUCT_BUNDLE_IDENTIFIER = com.sophialau.SustainableScottyUITests;
				PRODUCT_NAME = "$(TARGET_NAME)";
				SWIFT_EMIT_LOC_STRINGS = NO;
				SWIFT_VERSION = 5.0;
				TARGETED_DEVICE_FAMILY = "1,2";
				TEST_TARGET_NAME = SustainableScotty;
			};
			name = Debug;
		};
		3AD5DB382706612400812705 /* Release */ = {
			isa = XCBuildConfiguration;
			baseConfigurationReference = 225CF34A6EA11EE22FFC6517 /* Pods-SustainableScotty-SustainableScottyUITests.release.xcconfig */;
			buildSettings = {
				ALWAYS_EMBED_SWIFT_STANDARD_LIBRARIES = YES;
				CODE_SIGN_STYLE = Automatic;
				CURRENT_PROJECT_VERSION = 1;
				GENERATE_INFOPLIST_FILE = YES;
				LD_RUNPATH_SEARCH_PATHS = (
					"$(inherited)",
					"@executable_path/Frameworks",
					"@loader_path/Frameworks",
				);
				MARKETING_VERSION = 1.0;
				PRODUCT_BUNDLE_IDENTIFIER = com.sophialau.SustainableScottyUITests;
				PRODUCT_NAME = "$(TARGET_NAME)";
				SWIFT_EMIT_LOC_STRINGS = NO;
				SWIFT_VERSION = 5.0;
				TARGETED_DEVICE_FAMILY = "1,2";
				TEST_TARGET_NAME = SustainableScotty;
			};
			name = Release;
		};
/* End XCBuildConfiguration section */

/* Begin XCConfigurationList section */
		3AD5DB012706612100812705 /* Build configuration list for PBXProject "SustainableScotty" */ = {
			isa = XCConfigurationList;
			buildConfigurations = (
				3AD5DB2E2706612400812705 /* Debug */,
				3AD5DB2F2706612400812705 /* Release */,
			);
			defaultConfigurationIsVisible = 0;
			defaultConfigurationName = Release;
		};
		3AD5DB302706612400812705 /* Build configuration list for PBXNativeTarget "SustainableScotty" */ = {
			isa = XCConfigurationList;
			buildConfigurations = (
				3AD5DB312706612400812705 /* Debug */,
				3AD5DB322706612400812705 /* Release */,
			);
			defaultConfigurationIsVisible = 0;
			defaultConfigurationName = Release;
		};
		3AD5DB332706612400812705 /* Build configuration list for PBXNativeTarget "SustainableScottyTests" */ = {
			isa = XCConfigurationList;
			buildConfigurations = (
				3AD5DB342706612400812705 /* Debug */,
				3AD5DB352706612400812705 /* Release */,
			);
			defaultConfigurationIsVisible = 0;
			defaultConfigurationName = Release;
		};
		3AD5DB362706612400812705 /* Build configuration list for PBXNativeTarget "SustainableScottyUITests" */ = {
			isa = XCConfigurationList;
			buildConfigurations = (
				3AD5DB372706612400812705 /* Debug */,
				3AD5DB382706612400812705 /* Release */,
			);
			defaultConfigurationIsVisible = 0;
			defaultConfigurationName = Release;
		};
/* End XCConfigurationList section */
	};
	rootObject = 3AD5DAFE2706612100812705 /* Project object */;
}
